
Microsoft Visual Studio Solution File, Format Version 12.00
# Visual Studio Version 16
VisualStudioVersion = 16.0.32510.428
MinimumVisualStudioVersion = 10.0.40219.1
Project("{FAE04EC0-301F-11D3-BF4B-00C04F79EFBC}") = "KiemTra_NguyenVietPhat", "KiemTra_NguyenVietPhat\KiemTra_NguyenVietPhat.csproj", "{34F105C8-8C2F-4B43-8452-B1BFA17AE17D}"
EndProject
Global
	GlobalSection(SolutionConfigurationPlatforms) = preSolution
		Debug|Any CPU = Debug|Any CPU
		Release|Any CPU = Release|Any CPU
	EndGlobalSection
	GlobalSection(ProjectConfigurationPlatforms) = postSolution
		{34F105C8-8C2F-4B43-8452-B1BFA17AE17D}.Debug|Any CPU.ActiveCfg = Debug|Any CPU
		{34F105C8-8C2F-4B43-8452-B1BFA17AE17D}.Debug|Any CPU.Build.0 = Debug|Any CPU
		{34F105C8-8C2F-4B43-8452-B1BFA17AE17D}.Release|Any CPU.ActiveCfg = Release|Any CPU
		{34F105C8-8C2F-4B43-8452-B1BFA17AE17D}.Release|Any CPU.Build.0 = Release|Any CPU
	EndGlobalSection
	GlobalSection(SolutionProperties) = preSolution
		HideSolutionNode = FALSE
	EndGlobalSection
	GlobalSection(ExtensibilityGlobals) = postSolution
		SolutionGuid = {00028B81-1748-4886-A431-79007596AED6}
	EndGlobalSection
EndGlobal
